
Microsoft Visual Studio Solution File, Format Version 12.00
# Visual Studio Version 17
VisualStudioVersion = 17.4.33103.184
MinimumVisualStudioVersion = 10.0.40219.1
Project("{FAE04EC0-301F-11D3-BF4B-00C04F79EFBC}") = "GeometryTasks", "GeometryTasks\GeometryTasks.csproj", "{F8BCEC49-A986-4B2D-B933-7053070930C6}"
EndProject
Global
	GlobalSection(SolutionConfigurationPlatforms) = preSolution
		Debug|Any CPU = Debug|Any CPU
		Release|Any CPU = Release|Any CPU
	EndGlobalSection
	GlobalSection(ProjectConfigurationPlatforms) = postSolution
		{F8BCEC49-A986-4B2D-B933-7053070930C6}.Debug|Any CPU.ActiveCfg = Debug|Any CPU
		{F8BCEC49-A986-4B2D-B933-7053070930C6}.Debug|Any CPU.Build.0 = Debug|Any CPU
		{F8BCEC49-A986-4B2D-B933-7053070930C6}.Release|Any CPU.ActiveCfg = Release|Any CPU
		{F8BCEC49-A986-4B2D-B933-7053070930C6}.Release|Any CPU.Build.0 = Release|Any CPU
	EndGlobalSection
	GlobalSection(SolutionProperties) = preSolution
		HideSolutionNode = FALSE
	EndGlobalSection
	GlobalSection(ExtensibilityGlobals) = postSolution
		SolutionGuid = {D84D3E60-858D-40B8-B9D5-FE554A699D1E}
	EndGlobalSection
EndGlobal
