
Microsoft Visual Studio Solution File, Format Version 12.00
# Visual Studio Version 17
VisualStudioVersion = 17.4.33103.184
MinimumVisualStudioVersion = 10.0.40219.1
Project("{FAE04EC0-301F-11D3-BF4B-00C04F79EFBC}") = "Test", "Test\Test.csproj", "{E743B6B1-BEA4-4C4C-89B0-7D0283126989}"
EndProject
Global
	GlobalSection(SolutionConfigurationPlatforms) = preSolution
		Debug|Any CPU = Debug|Any CPU
		Release|Any CPU = Release|Any CPU
	EndGlobalSection
	GlobalSection(ProjectConfigurationPlatforms) = postSolution
		{E743B6B1-BEA4-4C4C-89B0-7D0283126989}.Debug|Any CPU.ActiveCfg = Debug|Any CPU
		{E743B6B1-BEA4-4C4C-89B0-7D0283126989}.Debug|Any CPU.Build.0 = Debug|Any CPU
		{E743B6B1-BEA4-4C4C-89B0-7D0283126989}.Release|Any CPU.ActiveCfg = Release|Any CPU
		{E743B6B1-BEA4-4C4C-89B0-7D0283126989}.Release|Any CPU.Build.0 = Release|Any CPU
	EndGlobalSection
	GlobalSection(SolutionProperties) = preSolution
		HideSolutionNode = FALSE
	EndGlobalSection
	GlobalSection(ExtensibilityGlobals) = postSolution
		SolutionGuid = {819105FE-FE2D-46BC-B0E9-3AF8178EACCD}
	EndGlobalSection
EndGlobal
